// !$*UTF8*$!
{
	archiveVersion = 1;
	classes = {
	};
	objectVersion = 46;
	objects = {

/* Begin PBXBuildFile section */
		7F7C75B61981AC8C009F4221 /* lcsPlayerPickerViewController.m in Sources */ = {isa = PBXBuildFile; fileRef = 7F7C75B51981AC8C009F4221 /* lcsPlayerPickerViewController.m */; };
		7F7E53201980C06B004D54F6 /* lcsPlayerPositionCell.m in Sources */ = {isa = PBXBuildFile; fileRef = 7F7E531F1980C06B004D54F6 /* lcsPlayerPositionCell.m */; };
		7FAD0D281983152A00D1FE0C /* playerDatabase.plist in Resources */ = {isa = PBXBuildFile; fileRef = 7FAD0D271983152A00D1FE0C /* playerDatabase.plist */; };
		7FF40AC61980B30400256D4E /* Foundation.framework in Frameworks */ = {isa = PBXBuildFile; fileRef = 7FF40AC51980B30400256D4E /* Foundation.framework */; };
		7FF40AC81980B30400256D4E /* CoreGraphics.framework in Frameworks */ = {isa = PBXBuildFile; fileRef = 7FF40AC71980B30400256D4E /* CoreGraphics.framework */; };
		7FF40ACA1980B30400256D4E /* UIKit.framework in Frameworks */ = {isa = PBXBuildFile; fileRef = 7FF40AC91980B30400256D4E /* UIKit.framework */; };
		7FF40AD01980B30400256D4E /* InfoPlist.strings in Resources */ = {isa = PBXBuildFile; fileRef = 7FF40ACE1980B30400256D4E /* InfoPlist.strings */; };
		7FF40AD21980B30400256D4E /* main.m in Sources */ = {isa = PBXBuildFile; fileRef = 7FF40AD11980B30400256D4E /* main.m */; };
		7FF40AD61980B30400256D4E /* lcsAppDelegate.m in Sources */ = {isa = PBXBuildFile; fileRef = 7FF40AD51980B30400256D4E /* lcsAppDelegate.m */; };
		7FF40AD91980B30400256D4E /* Main.storyboard in Resources */ = {isa = PBXBuildFile; fileRef = 7FF40AD71980B30400256D4E /* Main.storyboard */; };
		7FF40ADC1980B30400256D4E /* lcsMasterViewController.m in Sources */ = {isa = PBXBuildFile; fileRef = 7FF40ADB1980B30400256D4E /* lcsMasterViewController.m */; };
		7FF40AE11980B30400256D4E /* Images.xcassets in Resources */ = {isa = PBXBuildFile; fileRef = 7FF40AE01980B30400256D4E /* Images.xcassets */; };
		7FF40AE81980B30400256D4E /* XCTest.framework in Frameworks */ = {isa = PBXBuildFile; fileRef = 7FF40AE71980B30400256D4E /* XCTest.framework */; };
		7FF40AE91980B30400256D4E /* Foundation.framework in Frameworks */ = {isa = PBXBuildFile; fileRef = 7FF40AC51980B30400256D4E /* Foundation.framework */; };
		7FF40AEA1980B30400256D4E /* UIKit.framework in Frameworks */ = {isa = PBXBuildFile; fileRef = 7FF40AC91980B30400256D4E /* UIKit.framework */; };
		7FF40AF21980B30400256D4E /* InfoPlist.strings in Resources */ = {isa = PBXBuildFile; fileRef = 7FF40AF01980B30400256D4E /* InfoPlist.strings */; };
		7FF40AF41980B30500256D4E /* Final_Program_FantasyLCSTests.m in Sources */ = {isa = PBXBuildFile; fileRef = 7FF40AF31980B30500256D4E /* Final_Program_FantasyLCSTests.m */; };
		7FF40B011980B63600256D4E /* lcsPlayer.m in Sources */ = {isa = PBXBuildFile; fileRef = 7FF40AFE1980B63600256D4E /* lcsPlayer.m */; };
		7FF40B021980B63600256D4E /* lcsTeam.m in Sources */ = {isa = PBXBuildFile; fileRef = 7FF40B001980B63600256D4E /* lcsTeam.m */; };
		7FF40B051980B69200256D4E /* lcsRoster.m in Sources */ = {isa = PBXBuildFile; fileRef = 7FF40B041980B69200256D4E /* lcsRoster.m */; };
		7FF40B081980B9CE00256D4E /* lcsLeagueViewController.m in Sources */ = {isa = PBXBuildFile; fileRef = 7FF40B071980B9CE00256D4E /* lcsLeagueViewController.m */; };
/* End PBXBuildFile section */

/* Begin PBXContainerItemProxy section */
		7FF40AEB1980B30400256D4E /* PBXContainerItemProxy */ = {
			isa = PBXContainerItemProxy;
			containerPortal = 7FF40ABA1980B30400256D4E /* Project object */;
			proxyType = 1;
			remoteGlobalIDString = 7FF40AC11980B30400256D4E;
			remoteInfo = "Final Program_FantasyLCS";
		};
/* End PBXContainerItemProxy section */

/* Begin PBXFileReference section */
		7F7C75B41981AC8C009F4221 /* lcsPlayerPickerViewController.h */ = {isa = PBXFileReference; fileEncoding = 4; lastKnownFileType = sourcecode.c.h; path = lcsPlayerPickerViewController.h; sourceTree = "<group>"; };
		7F7C75B51981AC8C009F4221 /* lcsPlayerPickerViewController.m */ = {isa = PBXFileReference; fileEncoding = 4; lastKnownFileType = sourcecode.c.objc; path = lcsPlayerPickerViewController.m; sourceTree = "<group>"; };
		7F7E531E1980C06B004D54F6 /* lcsPlayerPositionCell.h */ = {isa = PBXFileReference; fileEncoding = 4; lastKnownFileType = sourcecode.c.h; path = lcsPlayerPositionCell.h; sourceTree = "<group>"; };
		7F7E531F1980C06B004D54F6 /* lcsPlayerPositionCell.m */ = {isa = PBXFileReference; fileEncoding = 4; lastKnownFileType = sourcecode.c.objc; path = lcsPlayerPositionCell.m; sourceTree = "<group>"; };
		7FAD0D271983152A00D1FE0C /* playerDatabase.plist */ = {isa = PBXFileReference; fileEncoding = 4; lastKnownFileType = text.plist.xml; path = playerDatabase.plist; sourceTree = "<group>"; };
		7FF40AC21980B30400256D4E /* Final Program_FantasyLCS.app */ = {isa = PBXFileReference; explicitFileType = wrapper.application; includeInIndex = 0; path = "Final Program_FantasyLCS.app"; sourceTree = BUILT_PRODUCTS_DIR; };
		7FF40AC51980B30400256D4E /* Foundation.framework */ = {isa = PBXFileReference; lastKnownFileType = wrapper.framework; name = Foundation.framework; path = System/Library/Frameworks/Foundation.framework; sourceTree = SDKROOT; };
		7FF40AC71980B30400256D4E /* CoreGraphics.framework */ = {isa = PBXFileReference; lastKnownFileType = wrapper.framework; name = CoreGraphics.framework; path = System/Library/Frameworks/CoreGraphics.framework; sourceTree = SDKROOT; };
		7FF40AC91980B30400256D4E /* UIKit.framework */ = {isa = PBXFileReference; lastKnownFileType = wrapper.framework; name = UIKit.framework; path = System/Library/Frameworks/UIKit.framework; sourceTree = SDKROOT; };
		7FF40ACD1980B30400256D4E /* Final Program_FantasyLCS-Info.plist */ = {isa = PBXFileReference; lastKnownFileType = text.plist.xml; path = "Final Program_FantasyLCS-Info.plist"; sourceTree = "<group>"; };
		7FF40ACF1980B30400256D4E /* en */ = {isa = PBXFileReference; lastKnownFileType = text.plist.strings; name = en; path = en.lproj/InfoPlist.strings; sourceTree = "<group>"; };
		7FF40AD11980B30400256D4E /* main.m */ = {isa = PBXFileReference; lastKnownFileType = sourcecode.c.objc; path = main.m; sourceTree = "<group>"; };
		7FF40AD31980B30400256D4E /* Final Program_FantasyLCS-Prefix.pch */ = {isa = PBXFileReference; lastKnownFileType = sourcecode.c.h; path = "Final Program_FantasyLCS-Prefix.pch"; sourceTree = "<group>"; };
		7FF40AD41980B30400256D4E /* lcsAppDelegate.h */ = {isa = PBXFileReference; lastKnownFileType = sourcecode.c.h; path = lcsAppDelegate.h; sourceTree = "<group>"; };
		7FF40AD51980B30400256D4E /* lcsAppDelegate.m */ = {isa = PBXFileReference; lastKnownFileType = sourcecode.c.objc; path = lcsAppDelegate.m; sourceTree = "<group>"; };
		7FF40AD81980B30400256D4E /* Base */ = {isa = PBXFileReference; lastKnownFileType = file.storyboard; name = Base; path = Base.lproj/Main.storyboard; sourceTree = "<group>"; };
		7FF40ADA1980B30400256D4E /* lcsMasterViewController.h */ = {isa = PBXFileReference; lastKnownFileType = sourcecode.c.h; path = lcsMasterViewController.h; sourceTree = "<group>"; };
		7FF40ADB1980B30400256D4E /* lcsMasterViewController.m */ = {isa = PBXFileReference; lastKnownFileType = sourcecode.c.objc; path = lcsMasterViewController.m; sourceTree = "<group>"; };
		7FF40AE01980B30400256D4E /* Images.xcassets */ = {isa = PBXFileReference; lastKnownFileType = folder.assetcatalog; path = Images.xcassets; sourceTree = "<group>"; };
		7FF40AE61980B30400256D4E /* Final Program_FantasyLCSTests.xctest */ = {isa = PBXFileReference; explicitFileType = wrapper.cfbundle; includeInIndex = 0; path = "Final Program_FantasyLCSTests.xctest"; sourceTree = BUILT_PRODUCTS_DIR; };
		7FF40AE71980B30400256D4E /* XCTest.framework */ = {isa = PBXFileReference; lastKnownFileType = wrapper.framework; name = XCTest.framework; path = Library/Frameworks/XCTest.framework; sourceTree = DEVELOPER_DIR; };
		7FF40AEF1980B30400256D4E /* Final Program_FantasyLCSTests-Info.plist */ = {isa = PBXFileReference; lastKnownFileType = text.plist.xml; path = "Final Program_FantasyLCSTests-Info.plist"; sourceTree = "<group>"; };
		7FF40AF11980B30400256D4E /* en */ = {isa = PBXFileReference; lastKnownFileType = text.plist.strings; name = en; path = en.lproj/InfoPlist.strings; sourceTree = "<group>"; };
		7FF40AF31980B30500256D4E /* Final_Program_FantasyLCSTests.m */ = {isa = PBXFileReference; lastKnownFileType = sourcecode.c.objc; path = Final_Program_FantasyLCSTests.m; sourceTree = "<group>"; };
		7FF40AFD1980B63600256D4E /* lcsPlayer.h */ = {isa = PBXFileReference; fileEncoding = 4; lastKnownFileType = sourcecode.c.h; path = lcsPlayer.h; sourceTree = "<group>"; };
		7FF40AFE1980B63600256D4E /* lcsPlayer.m */ = {isa = PBXFileReference; fileEncoding = 4; lastKnownFileType = sourcecode.c.objc; path = lcsPlayer.m; sourceTree = "<group>"; };
		7FF40AFF1980B63600256D4E /* lcsTeam.h */ = {isa = PBXFileReference; fileEncoding = 4; lastKnownFileType = sourcecode.c.h; path = lcsTeam.h; sourceTree = "<group>"; };
		7FF40B001980B63600256D4E /* lcsTeam.m */ = {isa = PBXFileReference; fileEncoding = 4; lastKnownFileType = sourcecode.c.objc; path = lcsTeam.m; sourceTree = "<group>"; };
		7FF40B031980B69200256D4E /* lcsRoster.h */ = {isa = PBXFileReference; fileEncoding = 4; lastKnownFileType = sourcecode.c.h; path = lcsRoster.h; sourceTree = "<group>"; };
		7FF40B041980B69200256D4E /* lcsRoster.m */ = {isa = PBXFileReference; fileEncoding = 4; lastKnownFileType = sourcecode.c.objc; path = lcsRoster.m; sourceTree = "<group>"; };
		7FF40B061980B9CE00256D4E /* lcsLeagueViewController.h */ = {isa = PBXFileReference; fileEncoding = 4; lastKnownFileType = sourcecode.c.h; path = lcsLeagueViewController.h; sourceTree = "<group>"; };
		7FF40B071980B9CE00256D4E /* lcsLeagueViewController.m */ = {isa = PBXFileReference; fileEncoding = 4; lastKnownFileType = sourcecode.c.objc; path = lcsLeagueViewController.m; sourceTree = "<group>"; };
/* End PBXFileReference section */

/* Begin PBXFrameworksBuildPhase section */
		7FF40ABF1980B30400256D4E /* Frameworks */ = {
			isa = PBXFrameworksBuildPhase;
			buildActionMask = 2147483647;
			files = (
				7FF40AC81980B30400256D4E /* CoreGraphics.framework in Frameworks */,
				7FF40ACA1980B30400256D4E /* UIKit.framework in Frameworks */,
				7FF40AC61980B30400256D4E /* Foundation.framework in Frameworks */,
			);
			runOnlyForDeploymentPostprocessing = 0;
		};
		7FF40AE31980B30400256D4E /* Frameworks */ = {
			isa = PBXFrameworksBuildPhase;
			buildActionMask = 2147483647;
			files = (
				7FF40AE81980B30400256D4E /* XCTest.framework in Frameworks */,
				7FF40AEA1980B30400256D4E /* UIKit.framework in Frameworks */,
				7FF40AE91980B30400256D4E /* Foundation.framework in Frameworks */,
			);
			runOnlyForDeploymentPostprocessing = 0;
		};
/* End PBXFrameworksBuildPhase section */

/* Begin PBXGroup section */
		7FF40AB91980B30400256D4E = {
			isa = PBXGroup;
			children = (
				7FF40ACB1980B30400256D4E /* Final Program_FantasyLCS */,
				7FF40AED1980B30400256D4E /* Final Program_FantasyLCSTests */,
				7FF40AC41980B30400256D4E /* Frameworks */,
				7FF40AC31980B30400256D4E /* Products */,
			);
			sourceTree = "<group>";
		};
		7FF40AC31980B30400256D4E /* Products */ = {
			isa = PBXGroup;
			children = (
				7FF40AC21980B30400256D4E /* Final Program_FantasyLCS.app */,
				7FF40AE61980B30400256D4E /* Final Program_FantasyLCSTests.xctest */,
			);
			name = Products;
			sourceTree = "<group>";
		};
		7FF40AC41980B30400256D4E /* Frameworks */ = {
			isa = PBXGroup;
			children = (
				7FF40AC51980B30400256D4E /* Foundation.framework */,
				7FF40AC71980B30400256D4E /* CoreGraphics.framework */,
				7FF40AC91980B30400256D4E /* UIKit.framework */,
				7FF40AE71980B30400256D4E /* XCTest.framework */,
			);
			name = Frameworks;
			sourceTree = "<group>";
		};
		7FF40ACB1980B30400256D4E /* Final Program_FantasyLCS */ = {
			isa = PBXGroup;
			children = (
				7FF40AFD1980B63600256D4E /* lcsPlayer.h */,
				7FF40AFE1980B63600256D4E /* lcsPlayer.m */,
				7FF40AFF1980B63600256D4E /* lcsTeam.h */,
				7FF40B001980B63600256D4E /* lcsTeam.m */,
				7FF40B031980B69200256D4E /* lcsRoster.h */,
				7FF40B041980B69200256D4E /* lcsRoster.m */,
				7FF40AD41980B30400256D4E /* lcsAppDelegate.h */,
				7FF40AD51980B30400256D4E /* lcsAppDelegate.m */,
				7FF40AD71980B30400256D4E /* Main.storyboard */,
				7F7C75B41981AC8C009F4221 /* lcsPlayerPickerViewController.h */,
				7F7C75B51981AC8C009F4221 /* lcsPlayerPickerViewController.m */,
				7FAD0D271983152A00D1FE0C /* playerDatabase.plist */,
				7FF40ADA1980B30400256D4E /* lcsMasterViewController.h */,
				7FF40ADB1980B30400256D4E /* lcsMasterViewController.m */,
				7FF40B061980B9CE00256D4E /* lcsLeagueViewController.h */,
				7FF40B071980B9CE00256D4E /* lcsLeagueViewController.m */,
				7F7E531E1980C06B004D54F6 /* lcsPlayerPositionCell.h */,
				7F7E531F1980C06B004D54F6 /* lcsPlayerPositionCell.m */,
				7FF40AE01980B30400256D4E /* Images.xcassets */,
				7FF40ACC1980B30400256D4E /* Supporting Files */,
			);
			path = "Final Program_FantasyLCS";
			sourceTree = "<group>";
		};
		7FF40ACC1980B30400256D4E /* Supporting Files */ = {
			isa = PBXGroup;
			children = (
				7FF40ACD1980B30400256D4E /* Final Program_FantasyLCS-Info.plist */,
				7FF40ACE1980B30400256D4E /* InfoPlist.strings */,
				7FF40AD11980B30400256D4E /* main.m */,
				7FF40AD31980B30400256D4E /* Final Program_FantasyLCS-Prefix.pch */,
			);
			name = "Supporting Files";
			sourceTree = "<group>";
		};
		7FF40AED1980B30400256D4E /* Final Program_FantasyLCSTests */ = {
			isa = PBXGroup;
			children = (
				7FF40AF31980B30500256D4E /* Final_Program_FantasyLCSTests.m */,
				7FF40AEE1980B30400256D4E /* Supporting Files */,
			);
			path = "Final Program_FantasyLCSTests";
			sourceTree = "<group>";
		};
		7FF40AEE1980B30400256D4E /* Supporting Files */ = {
			isa = PBXGroup;
			children = (
				7FF40AEF1980B30400256D4E /* Final Program_FantasyLCSTests-Info.plist */,
				7FF40AF01980B30400256D4E /* InfoPlist.strings */,
			);
			name = "Supporting Files";
			sourceTree = "<group>";
		};
/* End PBXGroup section */

/* Begin PBXNativeTarget section */
		7FF40AC11980B30400256D4E /* Final Program_FantasyLCS */ = {
			isa = PBXNativeTarget;
			buildConfigurationList = 7FF40AF71980B30500256D4E /* Build configuration list for PBXNativeTarget "Final Program_FantasyLCS" */;
			buildPhases = (
				7FF40ABE1980B30400256D4E /* Sources */,
				7FF40ABF1980B30400256D4E /* Frameworks */,
				7FF40AC01980B30400256D4E /* Resources */,
			);
			buildRules = (
			);
			dependencies = (
			);
			name = "Final Program_FantasyLCS";
			productName = "Final Program_FantasyLCS";
			productReference = 7FF40AC21980B30400256D4E /* Final Program_FantasyLCS.app */;
			productType = "com.apple.product-type.application";
		};
		7FF40AE51980B30400256D4E /* Final Program_FantasyLCSTests */ = {
			isa = PBXNativeTarget;
			buildConfigurationList = 7FF40AFA1980B30500256D4E /* Build configuration list for PBXNativeTarget "Final Program_FantasyLCSTests" */;
			buildPhases = (
				7FF40AE21980B30400256D4E /* Sources */,
				7FF40AE31980B30400256D4E /* Frameworks */,
				7FF40AE41980B30400256D4E /* Resources */,
			);
			buildRules = (
			);
			dependencies = (
				7FF40AEC1980B30400256D4E /* PBXTargetDependency */,
			);
			name = "Final Program_FantasyLCSTests";
			productName = "Final Program_FantasyLCSTests";
			productReference = 7FF40AE61980B30400256D4E /* Final Program_FantasyLCSTests.xctest */;
			productType = "com.apple.product-type.bundle.unit-test";
		};
/* End PBXNativeTarget section */

/* Begin PBXProject section */
		7FF40ABA1980B30400256D4E /* Project object */ = {
			isa = PBXProject;
			attributes = {
				CLASSPREFIX = lcs;
				LastUpgradeCheck = 0510;
				ORGANIZATIONNAME = "Jared Brown";
				TargetAttributes = {
					7FF40AE51980B30400256D4E = {
						TestTargetID = 7FF40AC11980B30400256D4E;
					};
				};
			};
			buildConfigurationList = 7FF40ABD1980B30400256D4E /* Build configuration list for PBXProject "Final Program_FantasyLCS" */;
			compatibilityVersion = "Xcode 3.2";
			developmentRegion = English;
			hasScannedForEncodings = 0;
			knownRegions = (
				en,
				Base,
			);
			mainGroup = 7FF40AB91980B30400256D4E;
			productRefGroup = 7FF40AC31980B30400256D4E /* Products */;
			projectDirPath = "";
			projectRoot = "";
			targets = (
				7FF40AC11980B30400256D4E /* Final Program_FantasyLCS */,
				7FF40AE51980B30400256D4E /* Final Program_FantasyLCSTests */,
			);
		};
/* End PBXProject section */

/* Begin PBXResourcesBuildPhase section */
		7FF40AC01980B30400256D4E /* Resources */ = {
			isa = PBXResourcesBuildPhase;
			buildActionMask = 2147483647;
			files = (
				7FAD0D281983152A00D1FE0C /* playerDatabase.plist in Resources */,
				7FF40AE11980B30400256D4E /* Images.xcassets in Resources */,
				7FF40AD01980B30400256D4E /* InfoPlist.strings in Resources */,
				7FF40AD91980B30400256D4E /* Main.storyboard in Resources */,
			);
			runOnlyForDeploymentPostprocessing = 0;
		};
		7FF40AE41980B30400256D4E /* Resources */ = {
			isa = PBXResourcesBuildPhase;
			buildActionMask = 2147483647;
			files = (
				7FF40AF21980B30400256D4E /* InfoPlist.strings in Resources */,
			);
			runOnlyForDeploymentPostprocessing = 0;
		};
/* End PBXResourcesBuildPhase section */

/* Begin PBXSourcesBuildPhase section */
		7FF40ABE1980B30400256D4E /* Sources */ = {
			isa = PBXSourcesBuildPhase;
			buildActionMask = 2147483647;
			files = (
				7FF40B051980B69200256D4E /* lcsRoster.m in Sources */,
				7FF40B011980B63600256D4E /* lcsPlayer.m in Sources */,
				7FF40AD21980B30400256D4E /* main.m in Sources */,
				7FF40AD61980B30400256D4E /* lcsAppDelegate.m in Sources */,
				7FF40ADC1980B30400256D4E /* lcsMasterViewController.m in Sources */,
				7FF40B021980B63600256D4E /* lcsTeam.m in Sources */,
				7F7E53201980C06B004D54F6 /* lcsPlayerPositionCell.m in Sources */,
				7F7C75B61981AC8C009F4221 /* lcsPlayerPickerViewController.m in Sources */,
				7FF40B081980B9CE00256D4E /* lcsLeagueViewController.m in Sources */,
			);
			runOnlyForDeploymentPostprocessing = 0;
		};
		7FF40AE21980B30400256D4E /* Sources */ = {
			isa = PBXSourcesBuildPhase;
			buildActionMask = 2147483647;
			files = (
				7FF40AF41980B30500256D4E /* Final_Program_FantasyLCSTests.m in Sources */,
			);
			runOnlyForDeploymentPostprocessing = 0;
		};
/* End PBXSourcesBuildPhase section */

/* Begin PBXTargetDependency section */
		7FF40AEC1980B30400256D4E /* PBXTargetDependency */ = {
			isa = PBXTargetDependency;
			target = 7FF40AC11980B30400256D4E /* Final Program_FantasyLCS */;
			targetProxy = 7FF40AEB1980B30400256D4E /* PBXContainerItemProxy */;
		};
/* End PBXTargetDependency section */

/* Begin PBXVariantGroup section */
		7FF40ACE1980B30400256D4E /* InfoPlist.strings */ = {
			isa = PBXVariantGroup;
			children = (
				7FF40ACF1980B30400256D4E /* en */,
			);
			name = InfoPlist.strings;
			sourceTree = "<group>";
		};
		7FF40AD71980B30400256D4E /* Main.storyboard */ = {
			isa = PBXVariantGroup;
			children = (
				7FF40AD81980B30400256D4E /* Base */,
			);
			name = Main.storyboard;
			sourceTree = "<group>";
		};
		7FF40AF01980B30400256D4E /* InfoPlist.strings */ = {
			isa = PBXVariantGroup;
			children = (
				7FF40AF11980B30400256D4E /* en */,
			);
			name = InfoPlist.strings;
			sourceTree = "<group>";
		};
/* End PBXVariantGroup section */

/* Begin XCBuildConfiguration section */
		7FF40AF51980B30500256D4E /* Debug */ = {
			isa = XCBuildConfiguration;
			buildSettings = {
				ALWAYS_SEARCH_USER_PATHS = NO;
				CLANG_CXX_LANGUAGE_STANDARD = "gnu++0x";
				CLANG_CXX_LIBRARY = "libc++";
				CLANG_ENABLE_MODULES = YES;
				CLANG_ENABLE_OBJC_ARC = YES;
				CLANG_WARN_BOOL_CONVERSION = YES;
				CLANG_WARN_CONSTANT_CONVERSION = YES;
				CLANG_WARN_DIRECT_OBJC_ISA_USAGE = YES_ERROR;
				CLANG_WARN_EMPTY_BODY = YES;
				CLANG_WARN_ENUM_CONVERSION = YES;
				CLANG_WARN_INT_CONVERSION = YES;
				CLANG_WARN_OBJC_ROOT_CLASS = YES_ERROR;
				CLANG_WARN__DUPLICATE_METHOD_MATCH = YES;
				"CODE_SIGN_IDENTITY[sdk=iphoneos*]" = "iPhone Developer";
				COPY_PHASE_STRIP = NO;
				GCC_C_LANGUAGE_STANDARD = gnu99;
				GCC_DYNAMIC_NO_PIC = NO;
				GCC_OPTIMIZATION_LEVEL = 0;
				GCC_PREPROCESSOR_DEFINITIONS = (
					"DEBUG=1",
					"$(inherited)",
				);
				GCC_SYMBOLS_PRIVATE_EXTERN = NO;
				GCC_WARN_64_TO_32_BIT_CONVERSION = YES;
				GCC_WARN_ABOUT_RETURN_TYPE = YES_ERROR;
				GCC_WARN_UNDECLARED_SELECTOR = YES;
				GCC_WARN_UNINITIALIZED_AUTOS = YES_AGGRESSIVE;
				GCC_WARN_UNUSED_FUNCTION = YES;
				GCC_WARN_UNUSED_VARIABLE = YES;
				IPHONEOS_DEPLOYMENT_TARGET = 7.1;
				ONLY_ACTIVE_ARCH = YES;
				SDKROOT = iphoneos;
			};
			name = Debug;
		};
		7FF40AF61980B30500256D4E /* Release */ = {
			isa = XCBuildConfiguration;
			buildSettings = {
				ALWAYS_SEARCH_USER_PATHS = NO;
				CLANG_CXX_LANGUAGE_STANDARD = "gnu++0x";
				CLANG_CXX_LIBRARY = "libc++";
				CLANG_ENABLE_MODULES = YES;
				CLANG_ENABLE_OBJC_ARC = YES;
				CLANG_WARN_BOOL_CONVERSION = YES;
				CLANG_WARN_CONSTANT_CONVERSION = YES;
				CLANG_WARN_DIRECT_OBJC_ISA_USAGE = YES_ERROR;
				CLANG_WARN_EMPTY_BODY = YES;
				CLANG_WARN_ENUM_CONVERSION = YES;
				CLANG_WARN_INT_CONVERSION = YES;
				CLANG_WARN_OBJC_ROOT_CLASS = YES_ERROR;
				CLANG_WARN__DUPLICATE_METHOD_MATCH = YES;
				"CODE_SIGN_IDENTITY[sdk=iphoneos*]" = "iPhone Developer";
				COPY_PHASE_STRIP = YES;
				ENABLE_NS_ASSERTIONS = NO;
				GCC_C_LANGUAGE_STANDARD = gnu99;
				GCC_WARN_64_TO_32_BIT_CONVERSION = YES;
				GCC_WARN_ABOUT_RETURN_TYPE = YES_ERROR;
				GCC_WARN_UNDECLARED_SELECTOR = YES;
				GCC_WARN_UNINITIALIZED_AUTOS = YES_AGGRESSIVE;
				GCC_WARN_UNUSED_FUNCTION = YES;
				GCC_WARN_UNUSED_VARIABLE = YES;
				IPHONEOS_DEPLOYMENT_TARGET = 7.1;
				SDKROOT = iphoneos;
				VALIDATE_PRODUCT = YES;
			};
			name = Release;
		};
		7FF40AF81980B30500256D4E /* Debug */ = {
			isa = XCBuildConfiguration;
			buildSettings = {
				ASSETCATALOG_COMPILER_APPICON_NAME = AppIcon;
				ASSETCATALOG_COMPILER_LAUNCHIMAGE_NAME = LaunchImage;
				GCC_PRECOMPILE_PREFIX_HEADER = YES;
				GCC_PREFIX_HEADER = "Final Program_FantasyLCS/Final Program_FantasyLCS-Prefix.pch";
				INFOPLIST_FILE = "Final Program_FantasyLCS/Final Program_FantasyLCS-Info.plist";
				PRODUCT_NAME = "$(TARGET_NAME)";
				WRAPPER_EXTENSION = app;
			};
			name = Debug;
		};
		7FF40AF91980B30500256D4E /* Release */ = {
			isa = XCBuildConfiguration;
			buildSettings = {
				ASSETCATALOG_COMPILER_APPICON_NAME = AppIcon;
				ASSETCATALOG_COMPILER_LAUNCHIMAGE_NAME = LaunchImage;
				GCC_PRECOMPILE_PREFIX_HEADER = YES;
				GCC_PREFIX_HEADER = "Final Program_FantasyLCS/Final Program_FantasyLCS-Prefix.pch";
				INFOPLIST_FILE = "Final Program_FantasyLCS/Final Program_FantasyLCS-Info.plist";
				PRODUCT_NAME = "$(TARGET_NAME)";
				WRAPPER_EXTENSION = app;
			};
			name = Release;
		};
		7FF40AFB1980B30500256D4E /* Debug */ = {
			isa = XCBuildConfiguration;
			buildSettings = {
				BUNDLE_LOADER = "$(BUILT_PRODUCTS_DIR)/Final Program_FantasyLCS.app/Final Program_FantasyLCS";
				FRAMEWORK_SEARCH_PATHS = (
					"$(SDKROOT)/Developer/Library/Frameworks",
					"$(inherited)",
					"$(DEVELOPER_FRAMEWORKS_DIR)",
				);
				GCC_PRECOMPILE_PREFIX_HEADER = YES;
				GCC_PREFIX_HEADER = "Final Program_FantasyLCS/Final Program_FantasyLCS-Prefix.pch";
				GCC_PREPROCESSOR_DEFINITIONS = (
					"DEBUG=1",
					"$(inherited)",
				);
				INFOPLIST_FILE = "Final Program_FantasyLCSTests/Final Program_FantasyLCSTests-Info.plist";
				PRODUCT_NAME = "$(TARGET_NAME)";
				TEST_HOST = "$(BUNDLE_LOADER)";
				WRAPPER_EXTENSION = xctest;
			};
			name = Debug;
		};
		7FF40AFC1980B30500256D4E /* Release */ = {
			isa = XCBuildConfiguration;
			buildSettings = {
				BUNDLE_LOADER = "$(BUILT_PRODUCTS_DIR)/Final Program_FantasyLCS.app/Final Program_FantasyLCS";
				FRAMEWORK_SEARCH_PATHS = (
					"$(SDKROOT)/Developer/Library/Frameworks",
					"$(inherited)",
					"$(DEVELOPER_FRAMEWORKS_DIR)",
				);
				GCC_PRECOMPILE_PREFIX_HEADER = YES;
				GCC_PREFIX_HEADER = "Final Program_FantasyLCS/Final Program_FantasyLCS-Prefix.pch";
				INFOPLIST_FILE = "Final Program_FantasyLCSTests/Final Program_FantasyLCSTests-Info.plist";
				PRODUCT_NAME = "$(TARGET_NAME)";
				TEST_HOST = "$(BUNDLE_LOADER)";
				WRAPPER_EXTENSION = xctest;
			};
			name = Release;
		};
/* End XCBuildConfiguration section */

/* Begin XCConfigurationList section */
		7FF40ABD1980B30400256D4E /* Build configuration list for PBXProject "Final Program_FantasyLCS" */ = {
			isa = XCConfigurationList;
			buildConfigurations = (
				7FF40AF51980B30500256D4E /* Debug */,
				7FF40AF61980B30500256D4E /* Release */,
			);
			defaultConfigurationIsVisible = 0;
			defaultConfigurationName = Release;
		};
		7FF40AF71980B30500256D4E /* Build configuration list for PBXNativeTarget "Final Program_FantasyLCS" */ = {
			isa = XCConfigurationList;
			buildConfigurations = (
				7FF40AF81980B30500256D4E /* Debug */,
				7FF40AF91980B30500256D4E /* Release */,
			);
			defaultConfigurationIsVisible = 0;
			defaultConfigurationName = Release;
		};
		7FF40AFA1980B30500256D4E /* Build configuration list for PBXNativeTarget "Final Program_FantasyLCSTests" */ = {
			isa = XCConfigurationList;
			buildConfigurations = (
				7FF40AFB1980B30500256D4E /* Debug */,
				7FF40AFC1980B30500256D4E /* Release */,
			);
			defaultConfigurationIsVisible = 0;
			defaultConfigurationName = Release;
		};
/* End XCConfigurationList section */
	};
	rootObject = 7FF40ABA1980B30400256D4E /* Project object */;
}
